// !$*UTF8*$!
{
	archiveVersion = 1;
	classes = {
	};
	objectVersion = 55;
	objects = {

/* Begin PBXBuildFile section */
		3B79713527FCA45C0031AB6C /* AppDelegate.swift in Sources */ = {isa = PBXBuildFile; fileRef = 3B79713427FCA45C0031AB6C /* AppDelegate.swift */; };
		3B79713727FCA45C0031AB6C /* SceneDelegate.swift in Sources */ = {isa = PBXBuildFile; fileRef = 3B79713627FCA45C0031AB6C /* SceneDelegate.swift */; };
		3B79713927FCA45C0031AB6C /* ViewController.swift in Sources */ = {isa = PBXBuildFile; fileRef = 3B79713827FCA45C0031AB6C /* ViewController.swift */; };
		3B79713C27FCA45C0031AB6C /* Main.storyboard in Resources */ = {isa = PBXBuildFile; fileRef = 3B79713A27FCA45C0031AB6C /* Main.storyboard */; };
		3B79713E27FCA45D0031AB6C /* Assets.xcassets in Resources */ = {isa = PBXBuildFile; fileRef = 3B79713D27FCA45D0031AB6C /* Assets.xcassets */; };
		3B79714127FCA45D0031AB6C /* LaunchScreen.storyboard in Resources */ = {isa = PBXBuildFile; fileRef = 3B79713F27FCA45D0031AB6C /* LaunchScreen.storyboard */; };
		3B79714C27FCA45D0031AB6C /* Manavarthi_GrocertAppTests.swift in Sources */ = {isa = PBXBuildFile; fileRef = 3B79714B27FCA45D0031AB6C /* Manavarthi_GrocertAppTests.swift */; };
		3B79715627FCA45D0031AB6C /* Manavarthi_GrocertAppUITests.swift in Sources */ = {isa = PBXBuildFile; fileRef = 3B79715527FCA45D0031AB6C /* Manavarthi_GrocertAppUITests.swift */; };
		3B79715827FCA45D0031AB6C /* Manavarthi_GrocertAppUITestsLaunchTests.swift in Sources */ = {isa = PBXBuildFile; fileRef = 3B79715727FCA45D0031AB6C /* Manavarthi_GrocertAppUITestsLaunchTests.swift */; };
		3B79716727FCA73B0031AB6C /* GroceryItemsViewController.swift in Sources */ = {isa = PBXBuildFile; fileRef = 3B79716627FCA73B0031AB6C /* GroceryItemsViewController.swift */; };
		3B79716927FCA93D0031AB6C /* ItemInfoViewController.swift in Sources */ = {isa = PBXBuildFile; fileRef = 3B79716827FCA93D0031AB6C /* ItemInfoViewController.swift */; };
		3B79716B27FCABE20031AB6C /* GrocerySections.swift in Sources */ = {isa = PBXBuildFile; fileRef = 3B79716A27FCABE20031AB6C /* GrocerySections.swift */; };
/* End PBXBuildFile section */

/* Begin PBXContainerItemProxy section */
		3B79714827FCA45D0031AB6C /* PBXContainerItemProxy */ = {
			isa = PBXContainerItemProxy;
			containerPortal = 3B79712927FCA45C0031AB6C /* Project object */;
			proxyType = 1;
			remoteGlobalIDString = 3B79713027FCA45C0031AB6C;
			remoteInfo = Manavarthi_GrocertApp;
		};
		3B79715227FCA45D0031AB6C /* PBXContainerItemProxy */ = {
			isa = PBXContainerItemProxy;
			containerPortal = 3B79712927FCA45C0031AB6C /* Project object */;
			proxyType = 1;
			remoteGlobalIDString = 3B79713027FCA45C0031AB6C;
			remoteInfo = Manavarthi_GrocertApp;
		};
/* End PBXContainerItemProxy section */

/* Begin PBXFileReference section */
		3B79713127FCA45C0031AB6C /* Manavarthi_GrocertApp.app */ = {isa = PBXFileReference; explicitFileType = wrapper.application; includeInIndex = 0; path = Manavarthi_GrocertApp.app; sourceTree = BUILT_PRODUCTS_DIR; };
		3B79713427FCA45C0031AB6C /* AppDelegate.swift */ = {isa = PBXFileReference; lastKnownFileType = sourcecode.swift; path = AppDelegate.swift; sourceTree = "<group>"; };
		3B79713627FCA45C0031AB6C /* SceneDelegate.swift */ = {isa = PBXFileReference; lastKnownFileType = sourcecode.swift; path = SceneDelegate.swift; sourceTree = "<group>"; };
		3B79713827FCA45C0031AB6C /* ViewController.swift */ = {isa = PBXFileReference; lastKnownFileType = sourcecode.swift; path = ViewController.swift; sourceTree = "<group>"; };
		3B79713B27FCA45C0031AB6C /* Base */ = {isa = PBXFileReference; lastKnownFileType = file.storyboard; name = Base; path = Base.lproj/Main.storyboard; sourceTree = "<group>"; };
		3B79713D27FCA45D0031AB6C /* Assets.xcassets */ = {isa = PBXFileReference; lastKnownFileType = folder.assetcatalog; path = Assets.xcassets; sourceTree = "<group>"; };
		3B79714027FCA45D0031AB6C /* Base */ = {isa = PBXFileReference; lastKnownFileType = file.storyboard; name = Base; path = Base.lproj/LaunchScreen.storyboard; sourceTree = "<group>"; };
		3B79714227FCA45D0031AB6C /* Info.plist */ = {isa = PBXFileReference; lastKnownFileType = text.plist.xml; path = Info.plist; sourceTree = "<group>"; };
		3B79714727FCA45D0031AB6C /* Manavarthi_GrocertAppTests.xctest */ = {isa = PBXFileReference; explicitFileType = wrapper.cfbundle; includeInIndex = 0; path = Manavarthi_GrocertAppTests.xctest; sourceTree = BUILT_PRODUCTS_DIR; };
		3B79714B27FCA45D0031AB6C /* Manavarthi_GrocertAppTests.swift */ = {isa = PBXFileReference; lastKnownFileType = sourcecode.swift; path = Manavarthi_GrocertAppTests.swift; sourceTree = "<group>"; };
		3B79715127FCA45D0031AB6C /* Manavarthi_GrocertAppUITests.xctest */ = {isa = PBXFileReference; explicitFileType = wrapper.cfbundle; includeInIndex = 0; path = Manavarthi_GrocertAppUITests.xctest; sourceTree = BUILT_PRODUCTS_DIR; };
		3B79715527FCA45D0031AB6C /* Manavarthi_GrocertAppUITests.swift */ = {isa = PBXFileReference; lastKnownFileType = sourcecode.swift; path = Manavarthi_GrocertAppUITests.swift; sourceTree = "<group>"; };
		3B79715727FCA45D0031AB6C /* Manavarthi_GrocertAppUITestsLaunchTests.swift */ = {isa = PBXFileReference; lastKnownFileType = sourcecode.swift; path = Manavarthi_GrocertAppUITestsLaunchTests.swift; sourceTree = "<group>"; };
		3B79716627FCA73B0031AB6C /* GroceryItemsViewController.swift */ = {isa = PBXFileReference; lastKnownFileType = sourcecode.swift; path = GroceryItemsViewController.swift; sourceTree = "<group>"; };
		3B79716827FCA93D0031AB6C /* ItemInfoViewController.swift */ = {isa = PBXFileReference; lastKnownFileType = sourcecode.swift; path = ItemInfoViewController.swift; sourceTree = "<group>"; };
		3B79716A27FCABE20031AB6C /* GrocerySections.swift */ = {isa = PBXFileReference; lastKnownFileType = sourcecode.swift; path = GrocerySections.swift; sourceTree = "<group>"; };
/* End PBXFileReference section */

/* Begin PBXFrameworksBuildPhase section */
		3B79712E27FCA45C0031AB6C /* Frameworks */ = {
			isa = PBXFrameworksBuildPhase;
			buildActionMask = 2147483647;
			files = (
			);
			runOnlyForDeploymentPostprocessing = 0;
		};
		3B79714427FCA45D0031AB6C /* Frameworks */ = {
			isa = PBXFrameworksBuildPhase;
			buildActionMask = 2147483647;
			files = (
			);
			runOnlyForDeploymentPostprocessing = 0;
		};
		3B79714E27FCA45D0031AB6C /* Frameworks */ = {
			isa = PBXFrameworksBuildPhase;
			buildActionMask = 2147483647;
			files = (
			);
			runOnlyForDeploymentPostprocessing = 0;
		};
/* End PBXFrameworksBuildPhase section */

/* Begin PBXGroup section */
		3B79712827FCA45C0031AB6C = {
			isa = PBXGroup;
			children = (
				3B79713327FCA45C0031AB6C /* Manavarthi_GrocertApp */,
				3B79714A27FCA45D0031AB6C /* Manavarthi_GrocertAppTests */,
				3B79715427FCA45D0031AB6C /* Manavarthi_GrocertAppUITests */,
				3B79713227FCA45C0031AB6C /* Products */,
			);
			sourceTree = "<group>";
		};
		3B79713227FCA45C0031AB6C /* Products */ = {
			isa = PBXGroup;
			children = (
				3B79713127FCA45C0031AB6C /* Manavarthi_GrocertApp.app */,
				3B79714727FCA45D0031AB6C /* Manavarthi_GrocertAppTests.xctest */,
				3B79715127FCA45D0031AB6C /* Manavarthi_GrocertAppUITests.xctest */,
			);
			name = Products;
			sourceTree = "<group>";
		};
		3B79713327FCA45C0031AB6C /* Manavarthi_GrocertApp */ = {
			isa = PBXGroup;
			children = (
				3B79713427FCA45C0031AB6C /* AppDelegate.swift */,
				3B79713627FCA45C0031AB6C /* SceneDelegate.swift */,
				3B79713827FCA45C0031AB6C /* ViewController.swift */,
				3B79713A27FCA45C0031AB6C /* Main.storyboard */,
				3B79713D27FCA45D0031AB6C /* Assets.xcassets */,
				3B79713F27FCA45D0031AB6C /* LaunchScreen.storyboard */,
				3B79714227FCA45D0031AB6C /* Info.plist */,
				3B79716627FCA73B0031AB6C /* GroceryItemsViewController.swift */,
				3B79716827FCA93D0031AB6C /* ItemInfoViewController.swift */,
				3B79716A27FCABE20031AB6C /* GrocerySections.swift */,
			);
			path = Manavarthi_GrocertApp;
			sourceTree = "<group>";
		};
		3B79714A27FCA45D0031AB6C /* Manavarthi_GrocertAppTests */ = {
			isa = PBXGroup;
			children = (
				3B79714B27FCA45D0031AB6C /* Manavarthi_GrocertAppTests.swift */,
			);
			path = Manavarthi_GrocertAppTests;
			sourceTree = "<group>";
		};
		3B79715427FCA45D0031AB6C /* Manavarthi_GrocertAppUITests */ = {
			isa = PBXGroup;
			children = (
				3B79715527FCA45D0031AB6C /* Manavarthi_GrocertAppUITests.swift */,
				3B79715727FCA45D0031AB6C /* Manavarthi_GrocertAppUITestsLaunchTests.swift */,
			);
			path = Manavarthi_GrocertAppUITests;
			sourceTree = "<group>";
		};
/* End PBXGroup section */

/* Begin PBXNativeTarget section */
		3B79713027FCA45C0031AB6C /* Manavarthi_GrocertApp */ = {
			isa = PBXNativeTarget;
			buildConfigurationList = 3B79715B27FCA45D0031AB6C /* Build configuration list for PBXNativeTarget "Manavarthi_GrocertApp" */;
			buildPhases = (
				3B79712D27FCA45C0031AB6C /* Sources */,
				3B79712E27FCA45C0031AB6C /* Frameworks */,
				3B79712F27FCA45C0031AB6C /* Resources */,
			);
			buildRules = (
			);
			dependencies = (
			);
			name = Manavarthi_GrocertApp;
			productName = Manavarthi_GrocertApp;
			productReference = 3B79713127FCA45C0031AB6C /* Manavarthi_GrocertApp.app */;
			productType = "com.apple.product-type.application";
		};
		3B79714627FCA45D0031AB6C /* Manavarthi_GrocertAppTests */ = {
			isa = PBXNativeTarget;
			buildConfigurationList = 3B79715E27FCA45D0031AB6C /* Build configuration list for PBXNativeTarget "Manavarthi_GrocertAppTests" */;
			buildPhases = (
				3B79714327FCA45D0031AB6C /* Sources */,
				3B79714427FCA45D0031AB6C /* Frameworks */,
				3B79714527FCA45D0031AB6C /* Resources */,
			);
			buildRules = (
			);
			dependencies = (
				3B79714927FCA45D0031AB6C /* PBXTargetDependency */,
			);
			name = Manavarthi_GrocertAppTests;
			productName = Manavarthi_GrocertAppTests;
			productReference = 3B79714727FCA45D0031AB6C /* Manavarthi_GrocertAppTests.xctest */;
			productType = "com.apple.product-type.bundle.unit-test";
		};
		3B79715027FCA45D0031AB6C /* Manavarthi_GrocertAppUITests */ = {
			isa = PBXNativeTarget;
			buildConfigurationList = 3B79716127FCA45D0031AB6C /* Build configuration list for PBXNativeTarget "Manavarthi_GrocertAppUITests" */;
			buildPhases = (
				3B79714D27FCA45D0031AB6C /* Sources */,
				3B79714E27FCA45D0031AB6C /* Frameworks */,
				3B79714F27FCA45D0031AB6C /* Resources */,
			);
			buildRules = (
			);
			dependencies = (
				3B79715327FCA45D0031AB6C /* PBXTargetDependency */,
			);
			name = Manavarthi_GrocertAppUITests;
			productName = Manavarthi_GrocertAppUITests;
			productReference = 3B79715127FCA45D0031AB6C /* Manavarthi_GrocertAppUITests.xctest */;
			productType = "com.apple.product-type.bundle.ui-testing";
		};
/* End PBXNativeTarget section */

/* Begin PBXProject section */
		3B79712927FCA45C0031AB6C /* Project object */ = {
			isa = PBXProject;
			attributes = {
				BuildIndependentTargetsInParallel = 1;
				LastSwiftUpdateCheck = 1320;
				LastUpgradeCheck = 1320;
				TargetAttributes = {
					3B79713027FCA45C0031AB6C = {
						CreatedOnToolsVersion = 13.2.1;
					};
					3B79714627FCA45D0031AB6C = {
						CreatedOnToolsVersion = 13.2.1;
						TestTargetID = 3B79713027FCA45C0031AB6C;
					};
					3B79715027FCA45D0031AB6C = {
						CreatedOnToolsVersion = 13.2.1;
						TestTargetID = 3B79713027FCA45C0031AB6C;
					};
				};
			};
			buildConfigurationList = 3B79712C27FCA45C0031AB6C /* Build configuration list for PBXProject "Manavarthi_GrocertApp" */;
			compatibilityVersion = "Xcode 13.0";
			developmentRegion = en;
			hasScannedForEncodings = 0;
			knownRegions = (
				en,
				Base,
			);
			mainGroup = 3B79712827FCA45C0031AB6C;
			productRefGroup = 3B79713227FCA45C0031AB6C /* Products */;
			projectDirPath = "";
			projectRoot = "";
			targets = (
				3B79713027FCA45C0031AB6C /* Manavarthi_GrocertApp */,
				3B79714627FCA45D0031AB6C /* Manavarthi_GrocertAppTests */,
				3B79715027FCA45D0031AB6C /* Manavarthi_GrocertAppUITests */,
			);
		};
/* End PBXProject section */

/* Begin PBXResourcesBuildPhase section */
		3B79712F27FCA45C0031AB6C /* Resources */ = {
			isa = PBXResourcesBuildPhase;
			buildActionMask = 2147483647;
			files = (
				3B79714127FCA45D0031AB6C /* LaunchScreen.storyboard in Resources */,
				3B79713E27FCA45D0031AB6C /* Assets.xcassets in Resources */,
				3B79713C27FCA45C0031AB6C /* Main.storyboard in Resources */,
			);
			runOnlyForDeploymentPostprocessing = 0;
		};
		3B79714527FCA45D0031AB6C /* Resources */ = {
			isa = PBXResourcesBuildPhase;
			buildActionMask = 2147483647;
			files = (
			);
			runOnlyForDeploymentPostprocessing = 0;
		};
		3B79714F27FCA45D0031AB6C /* Resources */ = {
			isa = PBXResourcesBuildPhase;
			buildActionMask = 2147483647;
			files = (
			);
			runOnlyForDeploymentPostprocessing = 0;
		};
/* End PBXResourcesBuildPhase section */

/* Begin PBXSourcesBuildPhase section */
		3B79712D27FCA45C0031AB6C /* Sources */ = {
			isa = PBXSourcesBuildPhase;
			buildActionMask = 2147483647;
			files = (
				3B79713927FCA45C0031AB6C /* ViewController.swift in Sources */,
				3B79716B27FCABE20031AB6C /* GrocerySections.swift in Sources */,
				3B79713527FCA45C0031AB6C /* AppDelegate.swift in Sources */,
				3B79716727FCA73B0031AB6C /* GroceryItemsViewController.swift in Sources */,
				3B79716927FCA93D0031AB6C /* ItemInfoViewController.swift in Sources */,
				3B79713727FCA45C0031AB6C /* SceneDelegate.swift in Sources */,
			);
			runOnlyForDeploymentPostprocessing = 0;
		};
		3B79714327FCA45D0031AB6C /* Sources */ = {
			isa = PBXSourcesBuildPhase;
			buildActionMask = 2147483647;
			files = (
				3B79714C27FCA45D0031AB6C /* Manavarthi_GrocertAppTests.swift in Sources */,
			);
			runOnlyForDeploymentPostprocessing = 0;
		};
		3B79714D27FCA45D0031AB6C /* Sources */ = {
			isa = PBXSourcesBuildPhase;
			buildActionMask = 2147483647;
			files = (
				3B79715827FCA45D0031AB6C /* Manavarthi_GrocertAppUITestsLaunchTests.swift in Sources */,
				3B79715627FCA45D0031AB6C /* Manavarthi_GrocertAppUITests.swift in Sources */,
			);
			runOnlyForDeploymentPostprocessing = 0;
		};
/* End PBXSourcesBuildPhase section */

/* Begin PBXTargetDependency section */
		3B79714927FCA45D0031AB6C /* PBXTargetDependency */ = {
			isa = PBXTargetDependency;
			target = 3B79713027FCA45C0031AB6C /* Manavarthi_GrocertApp */;
			targetProxy = 3B79714827FCA45D0031AB6C /* PBXContainerItemProxy */;
		};
		3B79715327FCA45D0031AB6C /* PBXTargetDependency */ = {
			isa = PBXTargetDependency;
			target = 3B79713027FCA45C0031AB6C /* Manavarthi_GrocertApp */;
			targetProxy = 3B79715227FCA45D0031AB6C /* PBXContainerItemProxy */;
		};
/* End PBXTargetDependency section */

/* Begin PBXVariantGroup section */
		3B79713A27FCA45C0031AB6C /* Main.storyboard */ = {
			isa = PBXVariantGroup;
			children = (
				3B79713B27FCA45C0031AB6C /* Base */,
			);
			name = Main.storyboard;
			sourceTree = "<group>";
		};
		3B79713F27FCA45D0031AB6C /* LaunchScreen.storyboard */ = {
			isa = PBXVariantGroup;
			children = (
				3B79714027FCA45D0031AB6C /* Base */,
			);
			name = LaunchScreen.storyboard;
			sourceTree = "<group>";
		};
/* End PBXVariantGroup section */

/* Begin XCBuildConfiguration section */
		3B79715927FCA45D0031AB6C /* Debug */ = {
			isa = XCBuildConfiguration;
			buildSettings = {
				ALWAYS_SEARCH_USER_PATHS = NO;
				CLANG_ANALYZER_NONNULL = YES;
				CLANG_ANALYZER_NUMBER_OBJECT_CONVERSION = YES_AGGRESSIVE;
				CLANG_CXX_LANGUAGE_STANDARD = "gnu++17";
				CLANG_CXX_LIBRARY = "libc++";
				CLANG_ENABLE_MODULES = YES;
				CLANG_ENABLE_OBJC_ARC = YES;
				CLANG_ENABLE_OBJC_WEAK = YES;
				CLANG_WARN_BLOCK_CAPTURE_AUTORELEASING = YES;
				CLANG_WARN_BOOL_CONVERSION = YES;
				CLANG_WARN_COMMA = YES;
				CLANG_WARN_CONSTANT_CONVERSION = YES;
				CLANG_WARN_DEPRECATED_OBJC_IMPLEMENTATIONS = YES;
				CLANG_WARN_DIRECT_OBJC_ISA_USAGE = YES_ERROR;
				CLANG_WARN_DOCUMENTATION_COMMENTS = YES;
				CLANG_WARN_EMPTY_BODY = YES;
				CLANG_WARN_ENUM_CONVERSION = YES;
				CLANG_WARN_INFINITE_RECURSION = YES;
				CLANG_WARN_INT_CONVERSION = YES;
				CLANG_WARN_NON_LITERAL_NULL_CONVERSION = YES;
				CLANG_WARN_OBJC_IMPLICIT_RETAIN_SELF = YES;
				CLANG_WARN_OBJC_LITERAL_CONVERSION = YES;
				CLANG_WARN_OBJC_ROOT_CLASS = YES_ERROR;
				CLANG_WARN_QUOTED_INCLUDE_IN_FRAMEWORK_HEADER = YES;
				CLANG_WARN_RANGE_LOOP_ANALYSIS = YES;
				CLANG_WARN_STRICT_PROTOTYPES = YES;
				CLANG_WARN_SUSPICIOUS_MOVE = YES;
				CLANG_WARN_UNGUARDED_AVAILABILITY = YES_AGGRESSIVE;
				CLANG_WARN_UNREACHABLE_CODE = YES;
				CLANG_WARN__DUPLICATE_METHOD_MATCH = YES;
				COPY_PHASE_STRIP = NO;
				DEBUG_INFORMATION_FORMAT = dwarf;
				ENABLE_STRICT_OBJC_MSGSEND = YES;
				ENABLE_TESTABILITY = YES;
				GCC_C_LANGUAGE_STANDARD = gnu11;
				GCC_DYNAMIC_NO_PIC = NO;
				GCC_NO_COMMON_BLOCKS = YES;
				GCC_OPTIMIZATION_LEVEL = 0;
				GCC_PREPROCESSOR_DEFINITIONS = (
					"DEBUG=1",
					"$(inherited)",
				);
				GCC_WARN_64_TO_32_BIT_CONVERSION = YES;
				GCC_WARN_ABOUT_RETURN_TYPE = YES_ERROR;
				GCC_WARN_UNDECLARED_SELECTOR = YES;
				GCC_WARN_UNINITIALIZED_AUTOS = YES_AGGRESSIVE;
				GCC_WARN_UNUSED_FUNCTION = YES;
				GCC_WARN_UNUSED_VARIABLE = YES;
				IPHONEOS_DEPLOYMENT_TARGET = 15.2;
				MTL_ENABLE_DEBUG_INFO = INCLUDE_SOURCE;
				MTL_FAST_MATH = YES;
				ONLY_ACTIVE_ARCH = YES;
				SDKROOT = iphoneos;
				SWIFT_ACTIVE_COMPILATION_CONDITIONS = DEBUG;
				SWIFT_OPTIMIZATION_LEVEL = "-Onone";
			};
			name = Debug;
		};
		3B79715A27FCA45D0031AB6C /* Release */ = {
			isa = XCBuildConfiguration;
			buildSettings = {
				ALWAYS_SEARCH_USER_PATHS = NO;
				CLANG_ANALYZER_NONNULL = YES;
				CLANG_ANALYZER_NUMBER_OBJECT_CONVERSION = YES_AGGRESSIVE;
				CLANG_CXX_LANGUAGE_STANDARD = "gnu++17";
				CLANG_CXX_LIBRARY = "libc++";
				CLANG_ENABLE_MODULES = YES;
				CLANG_ENABLE_OBJC_ARC = YES;
				CLANG_ENABLE_OBJC_WEAK = YES;
				CLANG_WARN_BLOCK_CAPTURE_AUTORELEASING = YES;
				CLANG_WARN_BOOL_CONVERSION = YES;
				CLANG_WARN_COMMA = YES;
				CLANG_WARN_CONSTANT_CONVERSION = YES;
				CLANG_WARN_DEPRECATED_OBJC_IMPLEMENTATIONS = YES;
				CLANG_WARN_DIRECT_OBJC_ISA_USAGE = YES_ERROR;
				CLANG_WARN_DOCUMENTATION_COMMENTS = YES;
				CLANG_WARN_EMPTY_BODY = YES;
				CLANG_WARN_ENUM_CONVERSION = YES;
				CLANG_WARN_INFINITE_RECURSION = YES;
				CLANG_WARN_INT_CONVERSION = YES;
				CLANG_WARN_NON_LITERAL_NULL_CONVERSION = YES;
				CLANG_WARN_OBJC_IMPLICIT_RETAIN_SELF = YES;
				CLANG_WARN_OBJC_LITERAL_CONVERSION = YES;
				CLANG_WARN_OBJC_ROOT_CLASS = YES_ERROR;
				CLANG_WARN_QUOTED_INCLUDE_IN_FRAMEWORK_HEADER = YES;
				CLANG_WARN_RANGE_LOOP_ANALYSIS = YES;
				CLANG_WARN_STRICT_PROTOTYPES = YES;
				CLANG_WARN_SUSPICIOUS_MOVE = YES;
				CLANG_WARN_UNGUARDED_AVAILABILITY = YES_AGGRESSIVE;
				CLANG_WARN_UNREACHABLE_CODE = YES;
				CLANG_WARN__DUPLICATE_METHOD_MATCH = YES;
				COPY_PHASE_STRIP = NO;
				DEBUG_INFORMATION_FORMAT = "dwarf-with-dsym";
				ENABLE_NS_ASSERTIONS = NO;
				ENABLE_STRICT_OBJC_MSGSEND = YES;
				GCC_C_LANGUAGE_STANDARD = gnu11;
				GCC_NO_COMMON_BLOCKS = YES;
				GCC_WARN_64_TO_32_BIT_CONVERSION = YES;
				GCC_WARN_ABOUT_RETURN_TYPE = YES_ERROR;
				GCC_WARN_UNDECLARED_SELECTOR = YES;
				GCC_WARN_UNINITIALIZED_AUTOS = YES_AGGRESSIVE;
				GCC_WARN_UNUSED_FUNCTION = YES;
				GCC_WARN_UNUSED_VARIABLE = YES;
				IPHONEOS_DEPLOYMENT_TARGET = 15.2;
				MTL_ENABLE_DEBUG_INFO = NO;
				MTL_FAST_MATH = YES;
				SDKROOT = iphoneos;
				SWIFT_COMPILATION_MODE = wholemodule;
				SWIFT_OPTIMIZATION_LEVEL = "-O";
				VALIDATE_PRODUCT = YES;
			};
			name = Release;
		};
		3B79715C27FCA45D0031AB6C /* Debug */ = {
			isa = XCBuildConfiguration;
			buildSettings = {
				ASSETCATALOG_COMPILER_APPICON_NAME = AppIcon;
				ASSETCATALOG_COMPILER_GLOBAL_ACCENT_COLOR_NAME = AccentColor;
				CODE_SIGN_STYLE = Automatic;
				CURRENT_PROJECT_VERSION = 1;
				GENERATE_INFOPLIST_FILE = YES;
				INFOPLIST_FILE = Manavarthi_GrocertApp/Info.plist;
				INFOPLIST_KEY_UIApplicationSupportsIndirectInputEvents = YES;
				INFOPLIST_KEY_UILaunchStoryboardName = LaunchScreen;
				INFOPLIST_KEY_UIMainStoryboardFile = Main;
				INFOPLIST_KEY_UISupportedInterfaceOrientations_iPad = "UIInterfaceOrientationPortrait UIInterfaceOrientationPortraitUpsideDown UIInterfaceOrientationLandscapeLeft UIInterfaceOrientationLandscapeRight";
				INFOPLIST_KEY_UISupportedInterfaceOrientations_iPhone = "UIInterfaceOrientationPortrait UIInterfaceOrientationLandscapeLeft UIInterfaceOrientationLandscapeRight";
				LD_RUNPATH_SEARCH_PATHS = (
					"$(inherited)",
					"@executable_path/Frameworks",
				);
				MARKETING_VERSION = 1.0;
				PRODUCT_BUNDLE_IDENTIFIER = "nwmsu.Manavarthi-GrocertApp";
				PRODUCT_NAME = "$(TARGET_NAME)";
				SWIFT_EMIT_LOC_STRINGS = YES;
				SWIFT_VERSION = 5.0;
				TARGETED_DEVICE_FAMILY = "1,2";
			};
			name = Debug;
		};
		3B79715D27FCA45D0031AB6C /* Release */ = {
			isa = XCBuildConfiguration;
			buildSettings = {
				ASSETCATALOG_COMPILER_APPICON_NAME = AppIcon;
				ASSETCATALOG_COMPILER_GLOBAL_ACCENT_COLOR_NAME = AccentColor;
				CODE_SIGN_STYLE = Automatic;
				CURRENT_PROJECT_VERSION = 1;
				GENERATE_INFOPLIST_FILE = YES;
				INFOPLIST_FILE = Manavarthi_GrocertApp/Info.plist;
				INFOPLIST_KEY_UIApplicationSupportsIndirectInputEvents = YES;
				INFOPLIST_KEY_UILaunchStoryboardName = LaunchScreen;
				INFOPLIST_KEY_UIMainStoryboardFile = Main;
				INFOPLIST_KEY_UISupportedInterfaceOrientations_iPad = "UIInterfaceOrientationPortrait UIInterfaceOrientationPortraitUpsideDown UIInterfaceOrientationLandscapeLeft UIInterfaceOrientationLandscapeRight";
				INFOPLIST_KEY_UISupportedInterfaceOrientations_iPhone = "UIInterfaceOrientationPortrait UIInterfaceOrientationLandscapeLeft UIInterfaceOrientationLandscapeRight";
				LD_RUNPATH_SEARCH_PATHS = (
					"$(inherited)",
					"@executable_path/Frameworks",
				);
				MARKETING_VERSION = 1.0;
				PRODUCT_BUNDLE_IDENTIFIER = "nwmsu.Manavarthi-GrocertApp";
				PRODUCT_NAME = "$(TARGET_NAME)";
				SWIFT_EMIT_LOC_STRINGS = YES;
				SWIFT_VERSION = 5.0;
				TARGETED_DEVICE_FAMILY = "1,2";
			};
			name = Release;
		};
		3B79715F27FCA45D0031AB6C /* Debug */ = {
			isa = XCBuildConfiguration;
			buildSettings = {
				ALWAYS_EMBED_SWIFT_STANDARD_LIBRARIES = YES;
				BUNDLE_LOADER = "$(TEST_HOST)";
				CODE_SIGN_STYLE = Automatic;
				CURRENT_PROJECT_VERSION = 1;
				GENERATE_INFOPLIST_FILE = YES;
				IPHONEOS_DEPLOYMENT_TARGET = 15.2;
				MARKETING_VERSION = 1.0;
				PRODUCT_BUNDLE_IDENTIFIER = "nwmsu.Manavarthi-GrocertAppTests";
				PRODUCT_NAME = "$(TARGET_NAME)";
				SWIFT_EMIT_LOC_STRINGS = NO;
				SWIFT_VERSION = 5.0;
				TARGETED_DEVICE_FAMILY = "1,2";
				TEST_HOST = "$(BUILT_PRODUCTS_DIR)/Manavarthi_GrocertApp.app/Manavarthi_GrocertApp";
			};
			name = Debug;
		};
		3B79716027FCA45D0031AB6C /* Release */ = {
			isa = XCBuildConfiguration;
			buildSettings = {
				ALWAYS_EMBED_SWIFT_STANDARD_LIBRARIES = YES;
				BUNDLE_LOADER = "$(TEST_HOST)";
				CODE_SIGN_STYLE = Automatic;
				CURRENT_PROJECT_VERSION = 1;
				GENERATE_INFOPLIST_FILE = YES;
				IPHONEOS_DEPLOYMENT_TARGET = 15.2;
				MARKETING_VERSION = 1.0;
				PRODUCT_BUNDLE_IDENTIFIER = "nwmsu.Manavarthi-GrocertAppTests";
				PRODUCT_NAME = "$(TARGET_NAME)";
				SWIFT_EMIT_LOC_STRINGS = NO;
				SWIFT_VERSION = 5.0;
				TARGETED_DEVICE_FAMILY = "1,2";
				TEST_HOST = "$(BUILT_PRODUCTS_DIR)/Manavarthi_GrocertApp.app/Manavarthi_GrocertApp";
			};
			name = Release;
		};
		3B79716227FCA45D0031AB6C /* Debug */ = {
			isa = XCBuildConfiguration;
			buildSettings = {
				ALWAYS_EMBED_SWIFT_STANDARD_LIBRARIES = YES;
				CODE_SIGN_STYLE = Automatic;
				CURRENT_PROJECT_VERSION = 1;
				GENERATE_INFOPLIST_FILE = YES;
				MARKETING_VERSION = 1.0;
				PRODUCT_BUNDLE_IDENTIFIER = "nwmsu.Manavarthi-GrocertAppUITests";
				PRODUCT_NAME = "$(TARGET_NAME)";
				SWIFT_EMIT_LOC_STRINGS = NO;
				SWIFT_VERSION = 5.0;
				TARGETED_DEVICE_FAMILY = "1,2";
				TEST_TARGET_NAME = Manavarthi_GrocertApp;
			};
			name = Debug;
		};
		3B79716327FCA45D0031AB6C /* Release */ = {
			isa = XCBuildConfiguration;
			buildSettings = {
				ALWAYS_EMBED_SWIFT_STANDARD_LIBRARIES = YES;
				CODE_SIGN_STYLE = Automatic;
				CURRENT_PROJECT_VERSION = 1;
				GENERATE_INFOPLIST_FILE = YES;
				MARKETING_VERSION = 1.0;
				PRODUCT_BUNDLE_IDENTIFIER = "nwmsu.Manavarthi-GrocertAppUITests";
				PRODUCT_NAME = "$(TARGET_NAME)";
				SWIFT_EMIT_LOC_STRINGS = NO;
				SWIFT_VERSION = 5.0;
				TARGETED_DEVICE_FAMILY = "1,2";
				TEST_TARGET_NAME = Manavarthi_GrocertApp;
			};
			name = Release;
		};
/* End XCBuildConfiguration section */

/* Begin XCConfigurationList section */
		3B79712C27FCA45C0031AB6C /* Build configuration list for PBXProject "Manavarthi_GrocertApp" */ = {
			isa = XCConfigurationList;
			buildConfigurations = (
				3B79715927FCA45D0031AB6C /* Debug */,
				3B79715A27FCA45D0031AB6C /* Release */,
			);
			defaultConfigurationIsVisible = 0;
			defaultConfigurationName = Release;
		};
		3B79715B27FCA45D0031AB6C /* Build configuration list for PBXNativeTarget "Manavarthi_GrocertApp" */ = {
			isa = XCConfigurationList;
			buildConfigurations = (
				3B79715C27FCA45D0031AB6C /* Debug */,
				3B79715D27FCA45D0031AB6C /* Release */,
			);
			defaultConfigurationIsVisible = 0;
			defaultConfigurationName = Release;
		};
		3B79715E27FCA45D0031AB6C /* Build configuration list for PBXNativeTarget "Manavarthi_GrocertAppTests" */ = {
			isa = XCConfigurationList;
			buildConfigurations = (
				3B79715F27FCA45D0031AB6C /* Debug */,
				3B79716027FCA45D0031AB6C /* Release */,
			);
			defaultConfigurationIsVisible = 0;
			defaultConfigurationName = Release;
		};
		3B79716127FCA45D0031AB6C /* Build configuration list for PBXNativeTarget "Manavarthi_GrocertAppUITests" */ = {
			isa = XCConfigurationList;
			buildConfigurations = (
				3B79716227FCA45D0031AB6C /* Debug */,
				3B79716327FCA45D0031AB6C /* Release */,
			);
			defaultConfigurationIsVisible = 0;
			defaultConfigurationName = Release;
		};
/* End XCConfigurationList section */
	};
	rootObject = 3B79712927FCA45C0031AB6C /* Project object */;
}
